
Microsoft Visual Studio Solution File, Format Version 12.00
# Visual Studio Version 16
VisualStudioVersion = 16.0.34902.97
MinimumVisualStudioVersion = 10.0.40219.1
Project("{FAE04EC0-301F-11D3-BF4B-00C04F79EFBC}") = "StringsandIntegers", "StringsandIntegers\StringsandIntegers.csproj", "{41DFDE39-88B2-4D33-A872-047FEF63783E}"
EndProject
Global
	GlobalSection(SolutionConfigurationPlatforms) = preSolution
		Debug|Any CPU = Debug|Any CPU
		Release|Any CPU = Release|Any CPU
	EndGlobalSection
	GlobalSection(ProjectConfigurationPlatforms) = postSolution
		{41DFDE39-88B2-4D33-A872-047FEF63783E}.Debug|Any CPU.ActiveCfg = Debug|Any CPU
		{41DFDE39-88B2-4D33-A872-047FEF63783E}.Debug|Any CPU.Build.0 = Debug|Any CPU
		{41DFDE39-88B2-4D33-A872-047FEF63783E}.Release|Any CPU.ActiveCfg = Release|Any CPU
		{41DFDE39-88B2-4D33-A872-047FEF63783E}.Release|Any CPU.Build.0 = Release|Any CPU
	EndGlobalSection
	GlobalSection(SolutionProperties) = preSolution
		HideSolutionNode = FALSE
	EndGlobalSection
	GlobalSection(ExtensibilityGlobals) = postSolution
		SolutionGuid = {A96B018F-E46B-41ED-B821-612C097895D1}
	EndGlobalSection
EndGlobal
